
Microsoft Visual Studio Solution File, Format Version 12.00
# Visual Studio Version 17
VisualStudioVersion = 17.7.34221.43
MinimumVisualStudioVersion = 10.0.40219.1
Project("{FAE04EC0-301F-11D3-BF4B-00C04F79EFBC}") = "ConAssignment2Products", "ConAssignment2Products\ConAssignment2Products.csproj", "{99FAAB7C-5C2C-4652-943D-DBB4F72FAC79}"
EndProject
Global
	GlobalSection(SolutionConfigurationPlatforms) = preSolution
		Debug|Any CPU = Debug|Any CPU
		Release|Any CPU = Release|Any CPU
	EndGlobalSection
	GlobalSection(ProjectConfigurationPlatforms) = postSolution
		{99FAAB7C-5C2C-4652-943D-DBB4F72FAC79}.Debug|Any CPU.ActiveCfg = Debug|Any CPU
		{99FAAB7C-5C2C-4652-943D-DBB4F72FAC79}.Debug|Any CPU.Build.0 = Debug|Any CPU
		{99FAAB7C-5C2C-4652-943D-DBB4F72FAC79}.Release|Any CPU.ActiveCfg = Release|Any CPU
		{99FAAB7C-5C2C-4652-943D-DBB4F72FAC79}.Release|Any CPU.Build.0 = Release|Any CPU
	EndGlobalSection
	GlobalSection(SolutionProperties) = preSolution
		HideSolutionNode = FALSE
	EndGlobalSection
	GlobalSection(ExtensibilityGlobals) = postSolution
		SolutionGuid = {7E930C7A-CD1C-4669-883B-D01A76D47BB6}
	EndGlobalSection
EndGlobal
